github.com/BurntSushi/toml v0.3.1 h1:WXkYYl6Yr3qBf1K79EBnL4mak0OimBfB0XUf9Vl28OQ=
github.com/BurntSushi/toml v0.3.1/go.mod h1:xHWCNGjB5oqiDr8zfno3MHue2Ht5sIBksp03qcyfWMU=
github.com/Hatch1fy/cron v0.3.0 h1:WLoEbsXoz/sK9h/90AK1kRYjn88k/1F488/1G/q9hXU=
github.com/Hatch1fy/cron v0.3.0/go.mod h1:srziZhU5rAzVXoUSkVkzq3iZOk+u+Y7pV3nL+dXN9L4=
github.com/Hatch1fy/errors v0.3.0 h1:KylivctV7WFButh5rYOSHJUTi2gcalRgsGkAfFk1FsY=
github.com/Hatch1fy/errors v0.3.0/go.mod h1:SJFCeScmERvwtYMG7EU24Fe0KfXmiIs7tNlcIl0STKk=
github.com/Hatch1fy/filecacher v0.3.2 h1:jAwQqBvq6+C1vktU3s18WGjib/94/QMFQO47Vydkl2w=
github.com/Hatch1fy/filecacher v0.3.2/go.mod h1:kAqu6kEAG9vmD8xkB06WxNDveYj9X8Yne28YpGG5PNE=
github.com/Hatch1fy/fileserver v0.3.2 h1:yTwMR0HFC+cKn88eDeoqHmsH/ugxzZI+wABanRVEN20=
github.com/Hatch1fy/fileserver v0.3.2/go.mod h1:Hd6q0TLfXAvkHKyNRhsLxPltHlgSG6+P9RX0nlNzDas=
github.com/Hatch1fy/httpserve v0.3.1 h1:cIVZd+Jq7a9QDo+KQ6Tgi9LXaewQxTMRrXZDVpU/vr0=
github.com/Hatch1fy/httpserve v0.3.1/go.mod h1:isZmivCvk57IkQ63/dyp+XlCGlP13KBIslL2GyMo70I=
github.com/Hatch1fy/poller v0.3.1 h1:j/FPFYDHWZRG9Q9OvyoCgX/SS2aoGLSEJqbtCDL7TyU=
github.com/Hatch1fy/poller v0.3.1/go.mod h1:PaSpWCwbHGe/FkKCuJSy5m5Fll1B9jEsOtv73Q5R45E=
github.com/hatchify/atoms v0.3.0 h1:+xojh2fMJmioupfzb7hRWu/y3TmRAWR0/H9dOSZc9u8=
github.com/hatchify/atoms v0.3.0/go.mod h1:rj5Oi/MmC4N5juGypB+qZnBTxTJF8ywfykfpSkE/kBU=
github.com/hatchify/closer v0.3.0 h1:fbGS/3VqxmWtzWYKE/UIMXenH/jbNX8e8DMhhXYy0s0=
github.com/hatchify/closer v0.3.0/go.mod h1:EFCmlhwXucvj3+EdrAFYuv2CUCkam+ZMd8mjuvtQNUo=
github.com/hatchify/colors v0.3.0 h1:S3n4JBQSv3u5nZ36vM9+PJZpCyRbdYlZLjOlyE8v2as=
github.com/hatchify/colors v0.3.0/go.mod h1:t0952Ef1zDFMVTCkOwhrdJS9ToVWTdcJ3PWCHZADLuU=
github.com/hatchify/queue v0.3.0 h1:33BT5gycJQ+X4oCKK0H8BXlOnBv6ROz4mMhMlwOA1us=
github.com/hatchify/queue v0.3.0/go.mod h1:b976dT/lR/zCD+aXGI4a9t1LJZlW8ukI6BPxxih0ehY=
github.com/hatchify/scribe v0.3.0 h1:ZgOyvmvBnD0g1qMaYbx9R5T7g++LjiMYrUKU+nbHyUc=
github.com/hatchify/scribe v0.3.0/go.mod h1:t7cySodn0RY6M/EpdcZy3Syl7pCKYIWg/epA2brO/a4=
github.com/vroomy/common v0.1.0 h1:C6+8AcumASJF6YCspKEd+jaYUlr+9hei2rz/DnodGmk=
github.com/vroomy/common v0.1.0/go.mod h1:NROW9LhlSXaMhmp0/pRyJRtUD51A7q6mVPgFFh62t1c=
github.com/vroomy/plugins v0.3.3 h1:/1iL5SVknTDRTU+fuK94G2oSl2TIAMuuIOKrp8qpBMs=
github.com/vroomy/plugins v0.3.3/go.mod h1:39NNL2ZF3nqlLBmfs0KPaevfWcLoe0w2z/OAqOKPO2o=
github.com/vroomy/plugins v0.3.4 h1:y1QbZNvYFcOmcQLypjrPK+Qz/Qn+eVTU3xrT1LbNj30=
github.com/vroomy/plugins v0.3.4/go.mod h1:39NNL2ZF3nqlLBmfs0KPaevfWcLoe0w2z/OAqOKPO2o=
