github.com/Hatch1fy/cron v0.4.77 h1:VmORottzpTEA9gMITt0EUAaIupAYH4hMgXFAhz7APUY=
github.com/Hatch1fy/cron v0.4.77/go.mod h1:qTM34B/bZEHUopeeyEIbvRGaZ9OcI0h5JfpLfI19rrU=
github.com/Hatch1fy/errors v0.4.77 h1:0Z2S/nbd+hga+CydwpX5BonUVa338+XPkTSMeZSxhnU=
github.com/Hatch1fy/errors v0.4.77/go.mod h1:LPnug0nWT7I99nYl62NfYjxNMCCEx3lBV5YWIco+H0w=
github.com/hatchify/atoms v0.4.77 h1:JGBaNULC3Kx8LiKvxkgcNxafM5P063soeoiKvTs+m/o=
github.com/hatchify/atoms v0.4.77/go.mod h1:6H72BaBb4o7EHfkGXb3AriWU0S5CSrW1kDDHdjdeNB8=
github.com/hatchify/closer v0.4.78 h1:mwI0j5kvwEPeZ8AQ35rQfuPGM4VUt/gtjI3ASsqYTio=
github.com/hatchify/closer v0.4.78/go.mod h1:9Wj3IOc9TYssGRiKcMFtK+kZXSuOzP8N7cel9OIhB1M=
github.com/hatchify/colors v0.4.77 h1:wPtYLLPbsekeamTZzu71rZVsbq8P2ues1YDx7OsKAxU=
github.com/hatchify/colors v0.4.77/go.mod h1:AG6qII7bJEBO7WL28IACU62PqoavhEqpNFhfE/5Zyfk=
github.com/hatchify/parg v0.1.23 h1:w6HMDb7DUH/zPKvhIRmoXlUdyDf1NK0IJfO3esUqXFs=
github.com/hatchify/parg v0.1.23/go.mod h1:gzHauB6/16uJlyoPyT1NSm3LTAPCSJJ+4f/4YqNaPlI=
github.com/hatchify/scribe v0.4.78 h1:35wRjRJxRbj3NBGYg0/sPGpd0HfI8tWucKPFI0upAno=
github.com/hatchify/scribe v0.4.78/go.mod h1:TLTVF/+b0yJtiVRZjW0XUMh4yVDikJZG2z3tkA+L2xM=
github.com/hatchify/simply v0.0.16 h1:J1WGjg0ATWOMHkq6lBDzpAlTHu72AvdTM5XokrZqp0g=
github.com/hatchify/simply v0.0.16/go.mod h1:Zt75bbQLhETkkPSie6LEtRr13bt0cy4YzQrUoOH+xbI=
