github.com/BurntSushi/toml v0.3.1 h1:WXkYYl6Yr3qBf1K79EBnL4mak0OimBfB0XUf9Vl28OQ=
github.com/BurntSushi/toml v0.3.1/go.mod h1:xHWCNGjB5oqiDr8zfno3MHue2Ht5sIBksp03qcyfWMU=
github.com/Hatch1fy/cron v0.2.0 h1:wl51aUDWbWV5Qt4MiDIJ6cOFJTRW+bqPNbTVck5RUcQ=
github.com/Hatch1fy/cron v0.2.0/go.mod h1:srziZhU5rAzVXoUSkVkzq3iZOk+u+Y7pV3nL+dXN9L4=
github.com/Hatch1fy/errors v0.2.0 h1:LauUPPThrmYBOO1BQLv86zrtUc5fZZEa3DZAv1XLgsI=
github.com/Hatch1fy/errors v0.2.0/go.mod h1:SJFCeScmERvwtYMG7EU24Fe0KfXmiIs7tNlcIl0STKk=
github.com/Hatch1fy/filecacher v0.2.0 h1:TsGmdUdl0YbY9MDt2PKLfqLELxLcOFIsNrtuFjIR0o4=
github.com/Hatch1fy/filecacher v0.2.0/go.mod h1:Z0cG1/BE+S2Sf/K6r/pu58F05hEvdlcr8uXmOz0nXL0=
github.com/Hatch1fy/fileserver v0.2.0 h1:O0GnNC57iA4qDxVuDeUiFQ+yy79BBucoBDL/9bkjbGs=
github.com/Hatch1fy/fileserver v0.2.0/go.mod h1:37jJYdaTkovCD7udIs73kgPZRg//+UMC5dmzscAKTjw=
github.com/Hatch1fy/httpserve v0.2.0 h1:IovMfb0vlTii0dOUIjhDbsdWbWBhnhoHoqb2ks6L064=
github.com/Hatch1fy/httpserve v0.2.0/go.mod h1:QnEriPb3HiAtrqoV6Gavyygj6yKA7u4jsXG+i+8Dgg4=
github.com/Hatch1fy/poller v0.2.0 h1:/cghZSqHay0qiYZEV5hie3cFZx8Ssq4krJMYu8Hut/Q=
github.com/Hatch1fy/poller v0.2.0/go.mod h1:4h2RunqknQG24FII0f19NhAJSe4xa0DGvn2aqcTuef8=
github.com/hatchify/atoms v0.2.0 h1:VUkTwhcrPj/1HVNZtmOcXUnvCXWz64oLgzlz1qnJ2cU=
github.com/hatchify/atoms v0.2.0/go.mod h1:rj5Oi/MmC4N5juGypB+qZnBTxTJF8ywfykfpSkE/kBU=
github.com/hatchify/closer v0.2.0 h1:sG1zYfY4JrsN+QIEGvYCH+eJaem7CdMCw5LQ0tAbwXw=
github.com/hatchify/closer v0.2.0/go.mod h1:0tnoQ9y0q9wl6sQB3Y4iDPkdT+zctyEP+2C1k+tn5Cc=
github.com/hatchify/colors v0.2.0 h1:xBh5eztvly1MCesMeIXEaCKISH4XXDw70+0BSkOJCYQ=
github.com/hatchify/colors v0.2.0/go.mod h1:t0952Ef1zDFMVTCkOwhrdJS9ToVWTdcJ3PWCHZADLuU=
github.com/hatchify/scribe v0.2.0 h1:I3lOw51ankELnUKXYRufLWSwjNoAkxUhTzcMlTwkC6U=
github.com/hatchify/scribe v0.2.0/go.mod h1:TGeaI8mWh7oFSyqvYa7eIsWFKYcN4iobleHhaDmY9G0=
github.com/vroomy/plugins v0.2.0 h1:R3HbXGvjkg0vwqbVyKNCgpwNGfP4FklKTjo7845QdNM=
github.com/vroomy/plugins v0.2.0/go.mod h1:Y6d2ULwOsZPlxLcdckwuJjCn+SZOAHvFDf5r3RdH96w=
